
Microsoft Visual Studio Solution File, Format Version 12.00
# Visual Studio Version 16
VisualStudioVersion = 16.0.31702.278
MinimumVisualStudioVersion = 10.0.40219.1
Project("{9A19103F-16F7-4668-BE54-9A1E7A4F7556}") = "TopChoiceHardware.ProductsService", "TopChoiceHardware.ProductsService\TopChoiceHardware.ProductsService.csproj", "{489581B7-FD3F-4001-943B-0E1D8DD2EFBC}"
EndProject
Project("{9A19103F-16F7-4668-BE54-9A1E7A4F7556}") = "TopChoiceHardware.Products.Application", "TopChoiceHardware.Products.Application\TopChoiceHardware.Products.Application.csproj", "{EF888321-51A4-4A91-90D2-FA054828DB92}"
EndProject
Project("{9A19103F-16F7-4668-BE54-9A1E7A4F7556}") = "TopChoiceHardware.Products.Domain", "TopChoiceHardware.Products.Domain\TopChoiceHardware.Products.Domain.csproj", "{304978AC-7E88-4139-8F57-F1CD20A27066}"
EndProject
Project("{9A19103F-16F7-4668-BE54-9A1E7A4F7556}") = "TopChoiceHardware.Products.AccessData", "TopChoiceHardware.Products.AccessData\TopChoiceHardware.Products.AccessData.csproj", "{9DDA25A2-BC74-4B67-BA9D-D845B8E9F856}"
EndProject
Global
	GlobalSection(SolutionConfigurationPlatforms) = preSolution
		Debug|Any CPU = Debug|Any CPU
		Release|Any CPU = Release|Any CPU
	EndGlobalSection
	GlobalSection(ProjectConfigurationPlatforms) = postSolution
		{489581B7-FD3F-4001-943B-0E1D8DD2EFBC}.Debug|Any CPU.ActiveCfg = Debug|Any CPU
		{489581B7-FD3F-4001-943B-0E1D8DD2EFBC}.Debug|Any CPU.Build.0 = Debug|Any CPU
		{489581B7-FD3F-4001-943B-0E1D8DD2EFBC}.Release|Any CPU.ActiveCfg = Release|Any CPU
		{489581B7-FD3F-4001-943B-0E1D8DD2EFBC}.Release|Any CPU.Build.0 = Release|Any CPU
		{EF888321-51A4-4A91-90D2-FA054828DB92}.Debug|Any CPU.ActiveCfg = Debug|Any CPU
		{EF888321-51A4-4A91-90D2-FA054828DB92}.Debug|Any CPU.Build.0 = Debug|Any CPU
		{EF888321-51A4-4A91-90D2-FA054828DB92}.Release|Any CPU.ActiveCfg = Release|Any CPU
		{EF888321-51A4-4A91-90D2-FA054828DB92}.Release|Any CPU.Build.0 = Release|Any CPU
		{304978AC-7E88-4139-8F57-F1CD20A27066}.Debug|Any CPU.ActiveCfg = Debug|Any CPU
		{304978AC-7E88-4139-8F57-F1CD20A27066}.Debug|Any CPU.Build.0 = Debug|Any CPU
		{304978AC-7E88-4139-8F57-F1CD20A27066}.Release|Any CPU.ActiveCfg = Release|Any CPU
		{304978AC-7E88-4139-8F57-F1CD20A27066}.Release|Any CPU.Build.0 = Release|Any CPU
		{9DDA25A2-BC74-4B67-BA9D-D845B8E9F856}.Debug|Any CPU.ActiveCfg = Debug|Any CPU
		{9DDA25A2-BC74-4B67-BA9D-D845B8E9F856}.Debug|Any CPU.Build.0 = Debug|Any CPU
		{9DDA25A2-BC74-4B67-BA9D-D845B8E9F856}.Release|Any CPU.ActiveCfg = Release|Any CPU
		{9DDA25A2-BC74-4B67-BA9D-D845B8E9F856}.Release|Any CPU.Build.0 = Release|Any CPU
	EndGlobalSection
	GlobalSection(SolutionProperties) = preSolution
		HideSolutionNode = FALSE
	EndGlobalSection
	GlobalSection(ExtensibilityGlobals) = postSolution
		SolutionGuid = {925ACC45-C1AC-4D97-975B-1502088F5474}
	EndGlobalSection
EndGlobal
